
Microsoft Visual Studio Solution File, Format Version 12.00
# Visual Studio Version 17
VisualStudioVersion = 17.3.32929.385
MinimumVisualStudioVersion = 10.0.40219.1
Project("{FAE04EC0-301F-11D3-BF4B-00C04F79EFBC}") = "instagramProfileGrabber", "instagramProfileGrabber\instagramProfileGrabber.csproj", "{A1979E3C-DBC6-4286-933E-ECC9782EA796}"
EndProject
Global
	GlobalSection(SolutionConfigurationPlatforms) = preSolution
		Debug|Any CPU = Debug|Any CPU
		Release|Any CPU = Release|Any CPU
	EndGlobalSection
	GlobalSection(ProjectConfigurationPlatforms) = postSolution
		{A1979E3C-DBC6-4286-933E-ECC9782EA796}.Debug|Any CPU.ActiveCfg = Debug|Any CPU
		{A1979E3C-DBC6-4286-933E-ECC9782EA796}.Debug|Any CPU.Build.0 = Debug|Any CPU
		{A1979E3C-DBC6-4286-933E-ECC9782EA796}.Release|Any CPU.ActiveCfg = Release|Any CPU
		{A1979E3C-DBC6-4286-933E-ECC9782EA796}.Release|Any CPU.Build.0 = Release|Any CPU
	EndGlobalSection
	GlobalSection(SolutionProperties) = preSolution
		HideSolutionNode = FALSE
	EndGlobalSection
	GlobalSection(ExtensibilityGlobals) = postSolution
		SolutionGuid = {73C7F98C-E71E-46D0-80B5-A7D963D8B233}
	EndGlobalSection
EndGlobal
